
Microsoft Visual Studio Solution File, Format Version 12.00
# Visual Studio Version 16
VisualStudioVersion = 16.0.30611.23
MinimumVisualStudioVersion = 10.0.40219.1
Project("{FAE04EC0-301F-11D3-BF4B-00C04F79EFBC}") = "Store.Web", "BookStore\Store.Web.csproj", "{35035165-6B9B-4D0F-A6CC-084FE0306B38}"
EndProject
Project("{9A19103F-16F7-4668-BE54-9A1E7A4F7556}") = "Store", "domain\Store\Store.csproj", "{C9511542-93E7-475A-869A-CCCBD1C9BCD6}"
EndProject
Project("{2150E333-8FDC-42A3-9474-1A3956D46DE8}") = "domain", "domain", "{97E8D4FA-CAC3-4A8F-9DA0-25990367571B}"
EndProject
Project("{2150E333-8FDC-42A3-9474-1A3956D46DE8}") = "infrastructure", "infrastructure", "{21CC748F-C02E-4EF2-9866-A0FC6954CCF8}"
EndProject
Project("{9A19103F-16F7-4668-BE54-9A1E7A4F7556}") = "Store.Memory", "infrastructure\Store.Memory\Store.Memory.csproj", "{7011DD94-5E2D-45F8-8C62-D0C5311988C1}"
EndProject
Project("{2150E333-8FDC-42A3-9474-1A3956D46DE8}") = "presentation", "presentation", "{C5BDE36C-3291-4D19-A932-D749031F8F20}"
EndProject
Global
	GlobalSection(SolutionConfigurationPlatforms) = preSolution
		Debug|Any CPU = Debug|Any CPU
		Release|Any CPU = Release|Any CPU
	EndGlobalSection
	GlobalSection(ProjectConfigurationPlatforms) = postSolution
		{35035165-6B9B-4D0F-A6CC-084FE0306B38}.Debug|Any CPU.ActiveCfg = Debug|Any CPU
		{35035165-6B9B-4D0F-A6CC-084FE0306B38}.Debug|Any CPU.Build.0 = Debug|Any CPU
		{35035165-6B9B-4D0F-A6CC-084FE0306B38}.Release|Any CPU.ActiveCfg = Release|Any CPU
		{35035165-6B9B-4D0F-A6CC-084FE0306B38}.Release|Any CPU.Build.0 = Release|Any CPU
		{C9511542-93E7-475A-869A-CCCBD1C9BCD6}.Debug|Any CPU.ActiveCfg = Debug|Any CPU
		{C9511542-93E7-475A-869A-CCCBD1C9BCD6}.Debug|Any CPU.Build.0 = Debug|Any CPU
		{C9511542-93E7-475A-869A-CCCBD1C9BCD6}.Release|Any CPU.ActiveCfg = Release|Any CPU
		{C9511542-93E7-475A-869A-CCCBD1C9BCD6}.Release|Any CPU.Build.0 = Release|Any CPU
		{7011DD94-5E2D-45F8-8C62-D0C5311988C1}.Debug|Any CPU.ActiveCfg = Debug|Any CPU
		{7011DD94-5E2D-45F8-8C62-D0C5311988C1}.Debug|Any CPU.Build.0 = Debug|Any CPU
		{7011DD94-5E2D-45F8-8C62-D0C5311988C1}.Release|Any CPU.ActiveCfg = Release|Any CPU
		{7011DD94-5E2D-45F8-8C62-D0C5311988C1}.Release|Any CPU.Build.0 = Release|Any CPU
	EndGlobalSection
	GlobalSection(SolutionProperties) = preSolution
		HideSolutionNode = FALSE
	EndGlobalSection
	GlobalSection(NestedProjects) = preSolution
		{35035165-6B9B-4D0F-A6CC-084FE0306B38} = {C5BDE36C-3291-4D19-A932-D749031F8F20}
		{C9511542-93E7-475A-869A-CCCBD1C9BCD6} = {97E8D4FA-CAC3-4A8F-9DA0-25990367571B}
		{7011DD94-5E2D-45F8-8C62-D0C5311988C1} = {21CC748F-C02E-4EF2-9866-A0FC6954CCF8}
	EndGlobalSection
	GlobalSection(ExtensibilityGlobals) = postSolution
		SolutionGuid = {195E09A0-43C5-4AF4-BDB5-DFC44E92D464}
	EndGlobalSection
EndGlobal
